
Microsoft Visual Studio Solution File, Format Version 12.00
# Visual Studio Version 17
Project("{8BC9CEB8-8B4A-11D0-8D11-00A0C91BC942}") = "ALL_BUILD", "ALL_BUILD.vcxproj", "{7080DB3E-BF78-3646-8EE1-913EC4B683AF}"
	ProjectSection(ProjectDependencies) = postProject
		{4DFDA257-0320-363D-A115-8167CBD1E785} = {4DFDA257-0320-363D-A115-8167CBD1E785}
	EndProjectSection
EndProject
Project("{8BC9CEB8-8B4A-11D0-8D11-00A0C91BC942}") = "MathModule", "MathModule.vcxproj", "{4DFDA257-0320-363D-A115-8167CBD1E785}"
	ProjectSection(ProjectDependencies) = postProject
	EndProjectSection
EndProject
Global
	GlobalSection(SolutionConfigurationPlatforms) = preSolution
		Debug|x64 = Debug|x64
		Release|x64 = Release|x64
		MinSizeRel|x64 = MinSizeRel|x64
		RelWithDebInfo|x64 = RelWithDebInfo|x64
	EndGlobalSection
	GlobalSection(ProjectConfigurationPlatforms) = postSolution
		{7080DB3E-BF78-3646-8EE1-913EC4B683AF}.Debug|x64.ActiveCfg = Debug|x64
		{7080DB3E-BF78-3646-8EE1-913EC4B683AF}.Release|x64.ActiveCfg = Release|x64
		{7080DB3E-BF78-3646-8EE1-913EC4B683AF}.MinSizeRel|x64.ActiveCfg = MinSizeRel|x64
		{7080DB3E-BF78-3646-8EE1-913EC4B683AF}.RelWithDebInfo|x64.ActiveCfg = RelWithDebInfo|x64
		{4DFDA257-0320-363D-A115-8167CBD1E785}.Debug|x64.ActiveCfg = Debug|x64
		{4DFDA257-0320-363D-A115-8167CBD1E785}.Debug|x64.Build.0 = Debug|x64
		{4DFDA257-0320-363D-A115-8167CBD1E785}.Release|x64.ActiveCfg = Release|x64
		{4DFDA257-0320-363D-A115-8167CBD1E785}.Release|x64.Build.0 = Release|x64
		{4DFDA257-0320-363D-A115-8167CBD1E785}.MinSizeRel|x64.ActiveCfg = MinSizeRel|x64
		{4DFDA257-0320-363D-A115-8167CBD1E785}.MinSizeRel|x64.Build.0 = MinSizeRel|x64
		{4DFDA257-0320-363D-A115-8167CBD1E785}.RelWithDebInfo|x64.ActiveCfg = RelWithDebInfo|x64
		{4DFDA257-0320-363D-A115-8167CBD1E785}.RelWithDebInfo|x64.Build.0 = RelWithDebInfo|x64
	EndGlobalSection
	GlobalSection(ExtensibilityGlobals) = postSolution
		SolutionGuid = {94BCA157-DE09-3AA8-9765-3A7ECEF8AF4E}
	EndGlobalSection
	GlobalSection(ExtensibilityAddIns) = postSolution
	EndGlobalSection
EndGlobal
