<?xml version="1.0" encoding="utf-8"?>
<Project ToolsVersion="17.0" xmlns="http://schemas.microsoft.com/developer/msbuild/2003">
  <ItemGroup>
    <ClCompile Include="C:\GameMath\GameMath-example\Source\Player\Precompiled.cpp" />
    <ClCompile Include="C:\GameMath\GameMath-example\Source\Player\Private\SystemInputManager.cpp">
      <Filter>Private</Filter>
    </ClCompile>
    <ClCompile Include="C:\GameMath\GameMath-example\Source\Player\SoftRenderer.cpp" />
    <ClCompile Include="C:\GameMath\GameMath-example\Source\Player\SoftRenderer2D.cpp" />
    <ClCompile Include="C:\GameMath\GameMath-example\Source\Player\SoftRenderer3D.cpp" />
    <ClCompile Include="C:\GameMath\GameMath-example\Source\Player\Private\Windows\WindowsApp.cpp">
      <Filter>Private\Windows</Filter>
    </ClCompile>
  </ItemGroup>
  <ItemGroup>
    <ClInclude Include="C:\GameMath\GameMath-example\Source\Player\Precompiled.h" />
    <ClInclude Include="C:\GameMath\GameMath-example\Source\Player\SoftRenderer.h" />
    <ClInclude Include="C:\GameMath\GameMath-example\Source\Player\SystemInputManager.h" />
    <ClInclude Include="C:\GameMath\GameMath-example\Source\Player\Private\Windows\Res\resource.h">
      <Filter>Private\Windows\Res</Filter>
    </ClInclude>
    <ClInclude Include="C:\GameMath\GameMath-example\Source\Player\Private\Windows\WindowsPlayer.h">
      <Filter>Private\Windows</Filter>
    </ClInclude>
    <ClInclude Include="C:\GameMath\GameMath-example\Source\Player\Private\Windows\WindowsUtil.h">
      <Filter>Private\Windows</Filter>
    </ClInclude>
  </ItemGroup>
  <ItemGroup>
    <None Include="C:\GameMath\GameMath-example\Source\Player\Private\Windows\Res\player.ico">
      <Filter>Private\Windows\Res</Filter>
    </None>
    <None Include="C:\GameMath\GameMath-example\Source\Player\Private\Windows\Res\player_small.ico">
      <Filter>Private\Windows\Res</Filter>
    </None>
  </ItemGroup>
  <ItemGroup>
    <ResourceCompile Include="C:\GameMath\GameMath-example\Source\Player\Private\Windows\Res\player.rc">
      <Filter>Private\Windows\Res</Filter>
    </ResourceCompile>
  </ItemGroup>
  <ItemGroup>
    <Filter Include="Private">
      <UniqueIdentifier>{34ECA595-DD48-393B-B5C1-44CB10E31B4F}</UniqueIdentifier>
    </Filter>
    <Filter Include="Private\Windows">
      <UniqueIdentifier>{78D1561F-C15E-30FF-A3D3-C64020575158}</UniqueIdentifier>
    </Filter>
    <Filter Include="Private\Windows\Res">
      <UniqueIdentifier>{003BA888-E604-310C-942E-C4E83D910604}</UniqueIdentifier>
    </Filter>
  </ItemGroup>
</Project>
